
Microsoft Visual Studio Solution File, Format Version 12.00
# Visual Studio Version 17
VisualStudioVersion = 17.3.32901.215
MinimumVisualStudioVersion = 10.0.40219.1
Project("{9A19103F-16F7-4668-BE54-9A1E7A4F7556}") = "ADPLabs_DeliverIT_Test.API", "ADPLabs_DeliverIT_Test.API\ADPLabs_DeliverIT_Test.API.csproj", "{CE82A21C-2C3E-49B6-A036-F56DE8CFED80}"
EndProject
Project("{9A19103F-16F7-4668-BE54-9A1E7A4F7556}") = "ADPLabs_DeliverIT_Test.Test", "ADPLabs_DeliverIT_Test.Test\ADPLabs_DeliverIT_Test.Test.csproj", "{AFBC8AA6-976E-442F-857A-67DAA5BE493D}"
EndProject
Global
	GlobalSection(SolutionConfigurationPlatforms) = preSolution
		Debug|Any CPU = Debug|Any CPU
		Release|Any CPU = Release|Any CPU
	EndGlobalSection
	GlobalSection(ProjectConfigurationPlatforms) = postSolution
		{CE82A21C-2C3E-49B6-A036-F56DE8CFED80}.Debug|Any CPU.ActiveCfg = Debug|Any CPU
		{CE82A21C-2C3E-49B6-A036-F56DE8CFED80}.Debug|Any CPU.Build.0 = Debug|Any CPU
		{CE82A21C-2C3E-49B6-A036-F56DE8CFED80}.Release|Any CPU.ActiveCfg = Release|Any CPU
		{CE82A21C-2C3E-49B6-A036-F56DE8CFED80}.Release|Any CPU.Build.0 = Release|Any CPU
		{AFBC8AA6-976E-442F-857A-67DAA5BE493D}.Debug|Any CPU.ActiveCfg = Debug|Any CPU
		{AFBC8AA6-976E-442F-857A-67DAA5BE493D}.Debug|Any CPU.Build.0 = Debug|Any CPU
		{AFBC8AA6-976E-442F-857A-67DAA5BE493D}.Release|Any CPU.ActiveCfg = Release|Any CPU
		{AFBC8AA6-976E-442F-857A-67DAA5BE493D}.Release|Any CPU.Build.0 = Release|Any CPU
	EndGlobalSection
	GlobalSection(SolutionProperties) = preSolution
		HideSolutionNode = FALSE
	EndGlobalSection
	GlobalSection(ExtensibilityGlobals) = postSolution
		SolutionGuid = {48F5A5C1-63DE-416C-84CF-46CC1453561E}
	EndGlobalSection
EndGlobal
